// !$*UTF8*$!
{
	archiveVersion = 1;
	classes = {
	};
	objectVersion = 46;
	objects = {

/* Begin PBXBuildFile section */
		8A7D8B6020ECDAF90063ADA2 /* MJPropertyKey.h in Sources */ = {isa = PBXBuildFile; fileRef = 8A7D8AF320ECB8680063ADA2 /* MJPropertyKey.h */; };
		8A7D8B6120ECDAF90063ADA2 /* NSObject+MJClass.h in Sources */ = {isa = PBXBuildFile; fileRef = 8A7D8AF420ECB8680063ADA2 /* NSObject+MJClass.h */; };
		8A7D8B6220ECDAF90063ADA2 /* NSString+MJExtension.h in Sources */ = {isa = PBXBuildFile; fileRef = 8A7D8AF520ECB8680063ADA2 /* NSString+MJExtension.h */; };
		8A7D8B6320ECDAF90063ADA2 /* MJPropertyType.m in Sources */ = {isa = PBXBuildFile; fileRef = 8A7D8AF620ECB8680063ADA2 /* MJPropertyType.m */; };
		8A7D8B6420ECDAF90063ADA2 /* NSObject+MJProperty.h in Sources */ = {isa = PBXBuildFile; fileRef = 8A7D8AF720ECB8680063ADA2 /* NSObject+MJProperty.h */; };
		8A7D8B6520ECDAF90063ADA2 /* MJExtensionConst.h in Sources */ = {isa = PBXBuildFile; fileRef = 8A7D8AF820ECB8680063ADA2 /* MJExtensionConst.h */; };
		8A7D8B6620ECDAF90063ADA2 /* NSObject+MJKeyValue.m in Sources */ = {isa = PBXBuildFile; fileRef = 8A7D8AF920ECB8680063ADA2 /* NSObject+MJKeyValue.m */; };
		8A7D8B6720ECDAF90063ADA2 /* MJProperty.m in Sources */ = {isa = PBXBuildFile; fileRef = 8A7D8AFA20ECB8680063ADA2 /* MJProperty.m */; };
		8A7D8B6820ECDAF90063ADA2 /* MJFoundation.h in Sources */ = {isa = PBXBuildFile; fileRef = 8A7D8AFB20ECB8680063ADA2 /* MJFoundation.h */; };
		8A7D8B6920ECDAF90063ADA2 /* NSObject+MJCoding.m in Sources */ = {isa = PBXBuildFile; fileRef = 8A7D8AFC20ECB8680063ADA2 /* NSObject+MJCoding.m */; };
		8A7D8B6A20ECDAF90063ADA2 /* MJExtension.h in Sources */ = {isa = PBXBuildFile; fileRef = 8A7D8AFD20ECB8680063ADA2 /* MJExtension.h */; };
		8A7D8B6B20ECDAF90063ADA2 /* MJExtensionConst.m in Sources */ = {isa = PBXBuildFile; fileRef = 8A7D8AFE20ECB8680063ADA2 /* MJExtensionConst.m */; };
		8A7D8B6C20ECDAF90063ADA2 /* NSObject+MJProperty.m in Sources */ = {isa = PBXBuildFile; fileRef = 8A7D8AFF20ECB8680063ADA2 /* NSObject+MJProperty.m */; };
		8A7D8B6D20ECDAF90063ADA2 /* MJPropertyType.h in Sources */ = {isa = PBXBuildFile; fileRef = 8A7D8B0020ECB8680063ADA2 /* MJPropertyType.h */; };
		8A7D8B6E20ECDAF90063ADA2 /* NSObject+MJClass.m in Sources */ = {isa = PBXBuildFile; fileRef = 8A7D8B0120ECB8680063ADA2 /* NSObject+MJClass.m */; };
		8A7D8B6F20ECDAF90063ADA2 /* NSString+MJExtension.m in Sources */ = {isa = PBXBuildFile; fileRef = 8A7D8B0220ECB8680063ADA2 /* NSString+MJExtension.m */; };
		8A7D8B7020ECDAF90063ADA2 /* MJPropertyKey.m in Sources */ = {isa = PBXBuildFile; fileRef = 8A7D8B0320ECB8680063ADA2 /* MJPropertyKey.m */; };
		8A7D8B7120ECDAF90063ADA2 /* MJProperty.h in Sources */ = {isa = PBXBuildFile; fileRef = 8A7D8B0420ECB8680063ADA2 /* MJProperty.h */; };
		8A7D8B7220ECDAF90063ADA2 /* NSObject+MJKeyValue.h in Sources */ = {isa = PBXBuildFile; fileRef = 8A7D8B0520ECB8680063ADA2 /* NSObject+MJKeyValue.h */; };
		8A7D8B7320ECDAF90063ADA2 /* NSObject+MJCoding.h in Sources */ = {isa = PBXBuildFile; fileRef = 8A7D8B0620ECB8680063ADA2 /* NSObject+MJCoding.h */; };
		8A7D8B7420ECDAF90063ADA2 /* Info.plist in Sources */ = {isa = PBXBuildFile; fileRef = 8A7D8B0720ECB8680063ADA2 /* Info.plist */; };
		8A7D8B7520ECDAF90063ADA2 /* MJFoundation.m in Sources */ = {isa = PBXBuildFile; fileRef = 8A7D8B0820ECB8680063ADA2 /* MJFoundation.m */; };
		8A7D8B7620ECDAF90063ADA2 /* LabidcLocation.h in Sources */ = {isa = PBXBuildFile; fileRef = B3E7B5881CC2AC0600A0062D /* LabidcLocation.h */; };
		8A7D8B7720ECDAF90063ADA2 /* LabidcLocation.m in Sources */ = {isa = PBXBuildFile; fileRef = B3E7B5891CC2AC0600A0062D /* LabidcLocation.m */; };
		8A7D8B7B20ECDB520063ADA2 /* AMapFoundationKit.framework in Frameworks */ = {isa = PBXBuildFile; fileRef = 8A7D8A5620EC9AAE0063ADA2 /* AMapFoundationKit.framework */; };
		8A7D8B7C20ECDB550063ADA2 /* AMapLocationKit.framework in Frameworks */ = {isa = PBXBuildFile; fileRef = 8A7D8A5520EC9AAE0063ADA2 /* AMapLocationKit.framework */; };
		8A7D8B7D20ECDB580063ADA2 /* AMapSearchKit.framework in Frameworks */ = {isa = PBXBuildFile; fileRef = 8A7D8A5420EC9AAE0063ADA2 /* AMapSearchKit.framework */; };
		8A7D8BC220ECE0270063ADA2 /* AMapFoundationKit.framework in Sources */ = {isa = PBXBuildFile; fileRef = 8A7D8A5620EC9AAE0063ADA2 /* AMapFoundationKit.framework */; };
		8A7D8BC320ECE0270063ADA2 /* AMapLocationKit.framework in Sources */ = {isa = PBXBuildFile; fileRef = 8A7D8A5520EC9AAE0063ADA2 /* AMapLocationKit.framework */; };
		8A7D8BC420ECE0270063ADA2 /* AMapSearchKit.framework in Sources */ = {isa = PBXBuildFile; fileRef = 8A7D8A5420EC9AAE0063ADA2 /* AMapSearchKit.framework */; };
		8A7D8BC520ECE0640063ADA2 /* libz.1.dylib in Frameworks */ = {isa = PBXBuildFile; fileRef = 8A7D8A9520ECA2830063ADA2 /* libz.1.dylib */; };
		8A7D8BC620ECE0660063ADA2 /* libc++.1.dylib in Frameworks */ = {isa = PBXBuildFile; fileRef = 8A7D8A9320ECA2660063ADA2 /* libc++.1.dylib */; };
		8A7D8BC720ECE0680063ADA2 /* libstdc++.6.0.9.dylib in Frameworks */ = {isa = PBXBuildFile; fileRef = 8A7D8A9120ECA2410063ADA2 /* libstdc++.6.0.9.dylib */; };
/* End PBXBuildFile section */

/* Begin PBXCopyFilesBuildPhase section */
		8A7D8B5520ECDABA0063ADA2 /* Copy Files */ = {
			isa = PBXCopyFilesBuildPhase;
			buildActionMask = 12;
			dstPath = "include/$(PRODUCT_NAME)";
			dstSubfolderSpec = 16;
			files = (
			);
			name = "Copy Files";
			runOnlyForDeploymentPostprocessing = 0;
		};
/* End PBXCopyFilesBuildPhase section */

/* Begin PBXFileReference section */
		8A7D8A5420EC9AAE0063ADA2 /* AMapSearchKit.framework */ = {isa = PBXFileReference; lastKnownFileType = wrapper.framework; name = AMapSearchKit.framework; path = Extern/AMapSearchKit.framework; sourceTree = "<group>"; };
		8A7D8A5520EC9AAE0063ADA2 /* AMapLocationKit.framework */ = {isa = PBXFileReference; lastKnownFileType = wrapper.framework; name = AMapLocationKit.framework; path = Extern/AMapLocationKit.framework; sourceTree = "<group>"; };
		8A7D8A5620EC9AAE0063ADA2 /* AMapFoundationKit.framework */ = {isa = PBXFileReference; lastKnownFileType = wrapper.framework; name = AMapFoundationKit.framework; path = Extern/AMapFoundationKit.framework; sourceTree = "<group>"; };
		8A7D8A5720EC9AAE0063ADA2 /* MAMapKit.framework */ = {isa = PBXFileReference; lastKnownFileType = wrapper.framework; name = MAMapKit.framework; path = Extern/MAMapKit.framework; sourceTree = "<group>"; };
		8A7D8A9120ECA2410063ADA2 /* libstdc++.6.0.9.dylib */ = {isa = PBXFileReference; lastKnownFileType = "compiled.mach-o.dylib"; name = "libstdc++.6.0.9.dylib"; path = "../../../../../../../../usr/lib/libstdc++.6.0.9.dylib"; sourceTree = "<group>"; };
		8A7D8A9320ECA2660063ADA2 /* libc++.1.dylib */ = {isa = PBXFileReference; lastKnownFileType = "compiled.mach-o.dylib"; name = "libc++.1.dylib"; path = "../../../../../../../../usr/lib/libc++.1.dylib"; sourceTree = "<group>"; };
		8A7D8A9520ECA2830063ADA2 /* libz.1.dylib */ = {isa = PBXFileReference; lastKnownFileType = "compiled.mach-o.dylib"; name = libz.1.dylib; path = ../../../../../../../../usr/lib/libz.1.dylib; sourceTree = "<group>"; };
		8A7D8AF320ECB8680063ADA2 /* MJPropertyKey.h */ = {isa = PBXFileReference; fileEncoding = 4; lastKnownFileType = sourcecode.c.h; path = MJPropertyKey.h; sourceTree = "<group>"; };
		8A7D8AF420ECB8680063ADA2 /* NSObject+MJClass.h */ = {isa = PBXFileReference; fileEncoding = 4; lastKnownFileType = sourcecode.c.h; path = "NSObject+MJClass.h"; sourceTree = "<group>"; };
		8A7D8AF520ECB8680063ADA2 /* NSString+MJExtension.h */ = {isa = PBXFileReference; fileEncoding = 4; lastKnownFileType = sourcecode.c.h; path = "NSString+MJExtension.h"; sourceTree = "<group>"; };
		8A7D8AF620ECB8680063ADA2 /* MJPropertyType.m */ = {isa = PBXFileReference; fileEncoding = 4; lastKnownFileType = sourcecode.c.objc; path = MJPropertyType.m; sourceTree = "<group>"; };
		8A7D8AF720ECB8680063ADA2 /* NSObject+MJProperty.h */ = {isa = PBXFileReference; fileEncoding = 4; lastKnownFileType = sourcecode.c.h; path = "NSObject+MJProperty.h"; sourceTree = "<group>"; };
		8A7D8AF820ECB8680063ADA2 /* MJExtensionConst.h */ = {isa = PBXFileReference; fileEncoding = 4; lastKnownFileType = sourcecode.c.h; path = MJExtensionConst.h; sourceTree = "<group>"; };
		8A7D8AF920ECB8680063ADA2 /* NSObject+MJKeyValue.m */ = {isa = PBXFileReference; fileEncoding = 4; lastKnownFileType = sourcecode.c.objc; path = "NSObject+MJKeyValue.m"; sourceTree = "<group>"; };
		8A7D8AFA20ECB8680063ADA2 /* MJProperty.m */ = {isa = PBXFileReference; fileEncoding = 4; lastKnownFileType = sourcecode.c.objc; path = MJProperty.m; sourceTree = "<group>"; };
		8A7D8AFB20ECB8680063ADA2 /* MJFoundation.h */ = {isa = PBXFileReference; fileEncoding = 4; lastKnownFileType = sourcecode.c.h; path = MJFoundation.h; sourceTree = "<group>"; };
		8A7D8AFC20ECB8680063ADA2 /* NSObject+MJCoding.m */ = {isa = PBXFileReference; fileEncoding = 4; lastKnownFileType = sourcecode.c.objc; path = "NSObject+MJCoding.m"; sourceTree = "<group>"; };
		8A7D8AFD20ECB8680063ADA2 /* MJExtension.h */ = {isa = PBXFileReference; fileEncoding = 4; lastKnownFileType = sourcecode.c.h; path = MJExtension.h; sourceTree = "<group>"; };
		8A7D8AFE20ECB8680063ADA2 /* MJExtensionConst.m */ = {isa = PBXFileReference; fileEncoding = 4; lastKnownFileType = sourcecode.c.objc; path = MJExtensionConst.m; sourceTree = "<group>"; };
		8A7D8AFF20ECB8680063ADA2 /* NSObject+MJProperty.m */ = {isa = PBXFileReference; fileEncoding = 4; lastKnownFileType = sourcecode.c.objc; path = "NSObject+MJProperty.m"; sourceTree = "<group>"; };
		8A7D8B0020ECB8680063ADA2 /* MJPropertyType.h */ = {isa = PBXFileReference; fileEncoding = 4; lastKnownFileType = sourcecode.c.h; path = MJPropertyType.h; sourceTree = "<group>"; };
		8A7D8B0120ECB8680063ADA2 /* NSObject+MJClass.m */ = {isa = PBXFileReference; fileEncoding = 4; lastKnownFileType = sourcecode.c.objc; path = "NSObject+MJClass.m"; sourceTree = "<group>"; };
		8A7D8B0220ECB8680063ADA2 /* NSString+MJExtension.m */ = {isa = PBXFileReference; fileEncoding = 4; lastKnownFileType = sourcecode.c.objc; path = "NSString+MJExtension.m"; sourceTree = "<group>"; };
		8A7D8B0320ECB8680063ADA2 /* MJPropertyKey.m */ = {isa = PBXFileReference; fileEncoding = 4; lastKnownFileType = sourcecode.c.objc; path = MJPropertyKey.m; sourceTree = "<group>"; };
		8A7D8B0420ECB8680063ADA2 /* MJProperty.h */ = {isa = PBXFileReference; fileEncoding = 4; lastKnownFileType = sourcecode.c.h; path = MJProperty.h; sourceTree = "<group>"; };
		8A7D8B0520ECB8680063ADA2 /* NSObject+MJKeyValue.h */ = {isa = PBXFileReference; fileEncoding = 4; lastKnownFileType = sourcecode.c.h; path = "NSObject+MJKeyValue.h"; sourceTree = "<group>"; };
		8A7D8B0620ECB8680063ADA2 /* NSObject+MJCoding.h */ = {isa = PBXFileReference; fileEncoding = 4; lastKnownFileType = sourcecode.c.h; path = "NSObject+MJCoding.h"; sourceTree = "<group>"; };
		8A7D8B0720ECB8680063ADA2 /* Info.plist */ = {isa = PBXFileReference; fileEncoding = 4; lastKnownFileType = text.plist.xml; path = Info.plist; sourceTree = "<group>"; };
		8A7D8B0820ECB8680063ADA2 /* MJFoundation.m */ = {isa = PBXFileReference; fileEncoding = 4; lastKnownFileType = sourcecode.c.objc; path = MJFoundation.m; sourceTree = "<group>"; };
		8A7D8B5720ECDABA0063ADA2 /* libRNReactNativeLabidcLocation.a */ = {isa = PBXFileReference; explicitFileType = archive.ar; includeInIndex = 0; path = libRNReactNativeLabidcLocation.a; sourceTree = BUILT_PRODUCTS_DIR; };
		B3E7B5881CC2AC0600A0062D /* LabidcLocation.h */ = {isa = PBXFileReference; fileEncoding = 4; lastKnownFileType = sourcecode.c.h; path = LabidcLocation.h; sourceTree = "<group>"; };
		B3E7B5891CC2AC0600A0062D /* LabidcLocation.m */ = {isa = PBXFileReference; fileEncoding = 4; lastKnownFileType = sourcecode.c.objc; path = LabidcLocation.m; sourceTree = "<group>"; };
/* End PBXFileReference section */

/* Begin PBXFrameworksBuildPhase section */
		8A7D8B5420ECDABA0063ADA2 /* Frameworks */ = {
			isa = PBXFrameworksBuildPhase;
			buildActionMask = 2147483647;
			files = (
				8A7D8B7B20ECDB520063ADA2 /* AMapFoundationKit.framework in Frameworks */,
				8A7D8B7C20ECDB550063ADA2 /* AMapLocationKit.framework in Frameworks */,
				8A7D8BC620ECE0660063ADA2 /* libc++.1.dylib in Frameworks */,
				8A7D8BC520ECE0640063ADA2 /* libz.1.dylib in Frameworks */,
				8A7D8B7D20ECDB580063ADA2 /* AMapSearchKit.framework in Frameworks */,
				8A7D8BC720ECE0680063ADA2 /* libstdc++.6.0.9.dylib in Frameworks */,
			);
			runOnlyForDeploymentPostprocessing = 0;
		};
/* End PBXFrameworksBuildPhase section */

/* Begin PBXGroup section */
		134814211AA4EA7D00B7C361 /* Products */ = {
			isa = PBXGroup;
			children = (
			);
			name = Products;
			sourceTree = "<group>";
		};
		58B511D21A9E6C8500147676 = {
			isa = PBXGroup;
			children = (
				8A7D8AF220ECB8680063ADA2 /* MJExtension */,
				8A7D88EE20EC69300063ADA2 /* Extern */,
				B3E7B5881CC2AC0600A0062D /* LabidcLocation.h */,
				B3E7B5891CC2AC0600A0062D /* LabidcLocation.m */,
				134814211AA4EA7D00B7C361 /* Products */,
				8A7D884020EA193D0063ADA2 /* Frameworks */,
				8A7D8B5720ECDABA0063ADA2 /* libRNReactNativeLabidcLocation.a */,
			);
			sourceTree = "<group>";
		};
		8A7D884020EA193D0063ADA2 /* Frameworks */ = {
			isa = PBXGroup;
			children = (
				8A7D8A9520ECA2830063ADA2 /* libz.1.dylib */,
				8A7D8A9320ECA2660063ADA2 /* libc++.1.dylib */,
				8A7D8A9120ECA2410063ADA2 /* libstdc++.6.0.9.dylib */,
				8A7D8A5620EC9AAE0063ADA2 /* AMapFoundationKit.framework */,
				8A7D8A5520EC9AAE0063ADA2 /* AMapLocationKit.framework */,
				8A7D8A5420EC9AAE0063ADA2 /* AMapSearchKit.framework */,
				8A7D8A5720EC9AAE0063ADA2 /* MAMapKit.framework */,
			);
			name = Frameworks;
			sourceTree = "<group>";
		};
		8A7D88EE20EC69300063ADA2 /* Extern */ = {
			isa = PBXGroup;
			children = (
			);
			path = Extern;
			sourceTree = "<group>";
		};
		8A7D8AF220ECB8680063ADA2 /* MJExtension */ = {
			isa = PBXGroup;
			children = (
				8A7D8AF320ECB8680063ADA2 /* MJPropertyKey.h */,
				8A7D8AF420ECB8680063ADA2 /* NSObject+MJClass.h */,
				8A7D8AF520ECB8680063ADA2 /* NSString+MJExtension.h */,
				8A7D8AF620ECB8680063ADA2 /* MJPropertyType.m */,
				8A7D8AF720ECB8680063ADA2 /* NSObject+MJProperty.h */,
				8A7D8AF820ECB8680063ADA2 /* MJExtensionConst.h */,
				8A7D8AF920ECB8680063ADA2 /* NSObject+MJKeyValue.m */,
				8A7D8AFA20ECB8680063ADA2 /* MJProperty.m */,
				8A7D8AFB20ECB8680063ADA2 /* MJFoundation.h */,
				8A7D8AFC20ECB8680063ADA2 /* NSObject+MJCoding.m */,
				8A7D8AFD20ECB8680063ADA2 /* MJExtension.h */,
				8A7D8AFE20ECB8680063ADA2 /* MJExtensionConst.m */,
				8A7D8AFF20ECB8680063ADA2 /* NSObject+MJProperty.m */,
				8A7D8B0020ECB8680063ADA2 /* MJPropertyType.h */,
				8A7D8B0120ECB8680063ADA2 /* NSObject+MJClass.m */,
				8A7D8B0220ECB8680063ADA2 /* NSString+MJExtension.m */,
				8A7D8B0320ECB8680063ADA2 /* MJPropertyKey.m */,
				8A7D8B0420ECB8680063ADA2 /* MJProperty.h */,
				8A7D8B0520ECB8680063ADA2 /* NSObject+MJKeyValue.h */,
				8A7D8B0620ECB8680063ADA2 /* NSObject+MJCoding.h */,
				8A7D8B0720ECB8680063ADA2 /* Info.plist */,
				8A7D8B0820ECB8680063ADA2 /* MJFoundation.m */,
			);
			path = MJExtension;
			sourceTree = "<group>";
		};
/* End PBXGroup section */

/* Begin PBXNativeTarget section */
		8A7D8B5620ECDABA0063ADA2 /* RNReactNativeLabidcLocation */ = {
			isa = PBXNativeTarget;
			buildConfigurationList = 8A7D8B5F20ECDABA0063ADA2 /* Build configuration list for PBXNativeTarget "RNReactNativeLabidcLocation" */;
			buildPhases = (
				8A7D8B5320ECDABA0063ADA2 /* Sources */,
				8A7D8B5420ECDABA0063ADA2 /* Frameworks */,
				8A7D8B5520ECDABA0063ADA2 /* Copy Files */,
			);
			buildRules = (
			);
			dependencies = (
			);
			name = RNReactNativeLabidcLocation;
			productName = RNReactNativeLabidcLocation;
			productReference = 8A7D8B5720ECDABA0063ADA2 /* libRNReactNativeLabidcLocation.a */;
			productType = "com.apple.product-type.library.static";
		};
/* End PBXNativeTarget section */

/* Begin PBXProject section */
		58B511D31A9E6C8500147676 /* Project object */ = {
			isa = PBXProject;
			attributes = {
				LastUpgradeCheck = 0830;
				ORGANIZATIONNAME = Facebook;
				TargetAttributes = {
					8A7D8B5620ECDABA0063ADA2 = {
						CreatedOnToolsVersion = 9.4.1;
						DevelopmentTeam = P526MUBQV8;
						ProvisioningStyle = Automatic;
					};
				};
			};
			buildConfigurationList = 58B511D61A9E6C8500147676 /* Build configuration list for PBXProject "RNReactNativeLabidcLocation" */;
			compatibilityVersion = "Xcode 3.2";
			developmentRegion = English;
			hasScannedForEncodings = 0;
			knownRegions = (
				en,
			);
			mainGroup = 58B511D21A9E6C8500147676;
			productRefGroup = 58B511D21A9E6C8500147676;
			projectDirPath = "";
			projectRoot = "";
			targets = (
				8A7D8B5620ECDABA0063ADA2 /* RNReactNativeLabidcLocation */,
			);
		};
/* End PBXProject section */

/* Begin PBXSourcesBuildPhase section */
		8A7D8B5320ECDABA0063ADA2 /* Sources */ = {
			isa = PBXSourcesBuildPhase;
			buildActionMask = 2147483647;
			files = (
				8A7D8B6020ECDAF90063ADA2 /* MJPropertyKey.h in Sources */,
				8A7D8B6120ECDAF90063ADA2 /* NSObject+MJClass.h in Sources */,
				8A7D8B6220ECDAF90063ADA2 /* NSString+MJExtension.h in Sources */,
				8A7D8B6320ECDAF90063ADA2 /* MJPropertyType.m in Sources */,
				8A7D8B6420ECDAF90063ADA2 /* NSObject+MJProperty.h in Sources */,
				8A7D8B6520ECDAF90063ADA2 /* MJExtensionConst.h in Sources */,
				8A7D8B6620ECDAF90063ADA2 /* NSObject+MJKeyValue.m in Sources */,
				8A7D8B6720ECDAF90063ADA2 /* MJProperty.m in Sources */,
				8A7D8B6820ECDAF90063ADA2 /* MJFoundation.h in Sources */,
				8A7D8B6920ECDAF90063ADA2 /* NSObject+MJCoding.m in Sources */,
				8A7D8B6A20ECDAF90063ADA2 /* MJExtension.h in Sources */,
				8A7D8B6B20ECDAF90063ADA2 /* MJExtensionConst.m in Sources */,
				8A7D8B6C20ECDAF90063ADA2 /* NSObject+MJProperty.m in Sources */,
				8A7D8B6D20ECDAF90063ADA2 /* MJPropertyType.h in Sources */,
				8A7D8B6E20ECDAF90063ADA2 /* NSObject+MJClass.m in Sources */,
				8A7D8B6F20ECDAF90063ADA2 /* NSString+MJExtension.m in Sources */,
				8A7D8B7020ECDAF90063ADA2 /* MJPropertyKey.m in Sources */,
				8A7D8B7120ECDAF90063ADA2 /* MJProperty.h in Sources */,
				8A7D8B7220ECDAF90063ADA2 /* NSObject+MJKeyValue.h in Sources */,
				8A7D8B7320ECDAF90063ADA2 /* NSObject+MJCoding.h in Sources */,
				8A7D8B7420ECDAF90063ADA2 /* Info.plist in Sources */,
				8A7D8B7520ECDAF90063ADA2 /* MJFoundation.m in Sources */,
				8A7D8B7620ECDAF90063ADA2 /* LabidcLocation.h in Sources */,
				8A7D8B7720ECDAF90063ADA2 /* LabidcLocation.m in Sources */,
				8A7D8BC220ECE0270063ADA2 /* AMapFoundationKit.framework in Sources */,
				8A7D8BC320ECE0270063ADA2 /* AMapLocationKit.framework in Sources */,
				8A7D8BC420ECE0270063ADA2 /* AMapSearchKit.framework in Sources */,
			);
			runOnlyForDeploymentPostprocessing = 0;
		};
/* End PBXSourcesBuildPhase section */

/* Begin XCBuildConfiguration section */
		58B511ED1A9E6C8500147676 /* Debug */ = {
			isa = XCBuildConfiguration;
			buildSettings = {
				ALWAYS_SEARCH_USER_PATHS = NO;
				CLANG_CXX_LANGUAGE_STANDARD = "gnu++0x";
				CLANG_CXX_LIBRARY = "libc++";
				CLANG_ENABLE_MODULES = YES;
				CLANG_ENABLE_OBJC_ARC = YES;
				CLANG_WARN_BOOL_CONVERSION = YES;
				CLANG_WARN_CONSTANT_CONVERSION = YES;
				CLANG_WARN_DIRECT_OBJC_ISA_USAGE = YES_ERROR;
				CLANG_WARN_EMPTY_BODY = YES;
				CLANG_WARN_ENUM_CONVERSION = YES;
				CLANG_WARN_INFINITE_RECURSION = YES;
				CLANG_WARN_INT_CONVERSION = YES;
				CLANG_WARN_OBJC_ROOT_CLASS = YES_ERROR;
				CLANG_WARN_SUSPICIOUS_MOVE = YES;
				CLANG_WARN_UNREACHABLE_CODE = YES;
				CLANG_WARN__DUPLICATE_METHOD_MATCH = YES;
				COPY_PHASE_STRIP = NO;
				ENABLE_STRICT_OBJC_MSGSEND = YES;
				ENABLE_TESTABILITY = YES;
				GCC_C_LANGUAGE_STANDARD = gnu99;
				GCC_DYNAMIC_NO_PIC = NO;
				GCC_NO_COMMON_BLOCKS = YES;
				GCC_OPTIMIZATION_LEVEL = 0;
				GCC_PREPROCESSOR_DEFINITIONS = (
					"DEBUG=1",
					"$(inherited)",
				);
				GCC_SYMBOLS_PRIVATE_EXTERN = NO;
				GCC_WARN_64_TO_32_BIT_CONVERSION = YES;
				GCC_WARN_ABOUT_RETURN_TYPE = YES_ERROR;
				GCC_WARN_UNDECLARED_SELECTOR = YES;
				GCC_WARN_UNINITIALIZED_AUTOS = YES_AGGRESSIVE;
				GCC_WARN_UNUSED_FUNCTION = YES;
				GCC_WARN_UNUSED_VARIABLE = YES;
				IPHONEOS_DEPLOYMENT_TARGET = 10.0;
				MTL_ENABLE_DEBUG_INFO = YES;
				ONLY_ACTIVE_ARCH = YES;
				OTHER_LDFLAGS = "-all_load";
				SDKROOT = iphoneos;
			};
			name = Debug;
		};
		58B511EE1A9E6C8500147676 /* Release */ = {
			isa = XCBuildConfiguration;
			buildSettings = {
				ALWAYS_SEARCH_USER_PATHS = NO;
				CLANG_CXX_LANGUAGE_STANDARD = "gnu++0x";
				CLANG_CXX_LIBRARY = "libc++";
				CLANG_ENABLE_MODULES = YES;
				CLANG_ENABLE_OBJC_ARC = YES;
				CLANG_WARN_BOOL_CONVERSION = YES;
				CLANG_WARN_CONSTANT_CONVERSION = YES;
				CLANG_WARN_DIRECT_OBJC_ISA_USAGE = YES_ERROR;
				CLANG_WARN_EMPTY_BODY = YES;
				CLANG_WARN_ENUM_CONVERSION = YES;
				CLANG_WARN_INFINITE_RECURSION = YES;
				CLANG_WARN_INT_CONVERSION = YES;
				CLANG_WARN_OBJC_ROOT_CLASS = YES_ERROR;
				CLANG_WARN_SUSPICIOUS_MOVE = YES;
				CLANG_WARN_UNREACHABLE_CODE = YES;
				CLANG_WARN__DUPLICATE_METHOD_MATCH = YES;
				COPY_PHASE_STRIP = YES;
				ENABLE_NS_ASSERTIONS = NO;
				ENABLE_STRICT_OBJC_MSGSEND = YES;
				GCC_C_LANGUAGE_STANDARD = gnu99;
				GCC_NO_COMMON_BLOCKS = YES;
				GCC_WARN_64_TO_32_BIT_CONVERSION = YES;
				GCC_WARN_ABOUT_RETURN_TYPE = YES_ERROR;
				GCC_WARN_UNDECLARED_SELECTOR = YES;
				GCC_WARN_UNINITIALIZED_AUTOS = YES_AGGRESSIVE;
				GCC_WARN_UNUSED_FUNCTION = YES;
				GCC_WARN_UNUSED_VARIABLE = YES;
				IPHONEOS_DEPLOYMENT_TARGET = 10.0;
				MTL_ENABLE_DEBUG_INFO = NO;
				OTHER_LDFLAGS = "-all_load";
				SDKROOT = iphoneos;
				VALIDATE_PRODUCT = YES;
			};
			name = Release;
		};
		8A7D8B5D20ECDABA0063ADA2 /* Debug */ = {
			isa = XCBuildConfiguration;
			buildSettings = {
				CLANG_ANALYZER_NONNULL = YES;
				CLANG_ANALYZER_NUMBER_OBJECT_CONVERSION = YES_AGGRESSIVE;
				CLANG_CXX_LANGUAGE_STANDARD = "gnu++14";
				CLANG_ENABLE_OBJC_WEAK = YES;
				CLANG_WARN_BLOCK_CAPTURE_AUTORELEASING = YES;
				CLANG_WARN_COMMA = YES;
				CLANG_WARN_DEPRECATED_OBJC_IMPLEMENTATIONS = YES;
				CLANG_WARN_DOCUMENTATION_COMMENTS = YES;
				CLANG_WARN_NON_LITERAL_NULL_CONVERSION = YES;
				CLANG_WARN_OBJC_IMPLICIT_RETAIN_SELF = YES;
				CLANG_WARN_OBJC_LITERAL_CONVERSION = YES;
				CLANG_WARN_RANGE_LOOP_ANALYSIS = YES;
				CLANG_WARN_STRICT_PROTOTYPES = YES;
				CLANG_WARN_UNGUARDED_AVAILABILITY = YES_AGGRESSIVE;
				CODE_SIGN_IDENTITY = "iPhone Developer";
				CODE_SIGN_STYLE = Automatic;
				DEBUG_INFORMATION_FORMAT = dwarf;
				DEVELOPMENT_TEAM = P526MUBQV8;
				FRAMEWORK_SEARCH_PATHS = (
					"$(inherited)",
					"$(PROJECT_DIR)/Extern",
				);
				GCC_C_LANGUAGE_STANDARD = gnu11;
				IPHONEOS_DEPLOYMENT_TARGET = 11.4;
				OTHER_LDFLAGS = "-ObjC";
				PRODUCT_NAME = "$(TARGET_NAME)";
				SKIP_INSTALL = YES;
				TARGETED_DEVICE_FAMILY = "1,2";
			};
			name = Debug;
		};
		8A7D8B5E20ECDABA0063ADA2 /* Release */ = {
			isa = XCBuildConfiguration;
			buildSettings = {
				CLANG_ANALYZER_NONNULL = YES;
				CLANG_ANALYZER_NUMBER_OBJECT_CONVERSION = YES_AGGRESSIVE;
				CLANG_CXX_LANGUAGE_STANDARD = "gnu++14";
				CLANG_ENABLE_OBJC_WEAK = YES;
				CLANG_WARN_BLOCK_CAPTURE_AUTORELEASING = YES;
				CLANG_WARN_COMMA = YES;
				CLANG_WARN_DEPRECATED_OBJC_IMPLEMENTATIONS = YES;
				CLANG_WARN_DOCUMENTATION_COMMENTS = YES;
				CLANG_WARN_NON_LITERAL_NULL_CONVERSION = YES;
				CLANG_WARN_OBJC_IMPLICIT_RETAIN_SELF = YES;
				CLANG_WARN_OBJC_LITERAL_CONVERSION = YES;
				CLANG_WARN_RANGE_LOOP_ANALYSIS = YES;
				CLANG_WARN_STRICT_PROTOTYPES = YES;
				CLANG_WARN_UNGUARDED_AVAILABILITY = YES_AGGRESSIVE;
				CODE_SIGN_IDENTITY = "iPhone Developer";
				CODE_SIGN_STYLE = Automatic;
				COPY_PHASE_STRIP = NO;
				DEBUG_INFORMATION_FORMAT = "dwarf-with-dsym";
				DEVELOPMENT_TEAM = P526MUBQV8;
				FRAMEWORK_SEARCH_PATHS = (
					"$(inherited)",
					"$(PROJECT_DIR)/Extern",
				);
				GCC_C_LANGUAGE_STANDARD = gnu11;
				IPHONEOS_DEPLOYMENT_TARGET = 11.4;
				OTHER_LDFLAGS = "-ObjC";
				PRODUCT_NAME = "$(TARGET_NAME)";
				SKIP_INSTALL = YES;
				TARGETED_DEVICE_FAMILY = "1,2";
			};
			name = Release;
		};
/* End XCBuildConfiguration section */

/* Begin XCConfigurationList section */
		58B511D61A9E6C8500147676 /* Build configuration list for PBXProject "RNReactNativeLabidcLocation" */ = {
			isa = XCConfigurationList;
			buildConfigurations = (
				58B511ED1A9E6C8500147676 /* Debug */,
				58B511EE1A9E6C8500147676 /* Release */,
			);
			defaultConfigurationIsVisible = 0;
			defaultConfigurationName = Release;
		};
		8A7D8B5F20ECDABA0063ADA2 /* Build configuration list for PBXNativeTarget "RNReactNativeLabidcLocation" */ = {
			isa = XCConfigurationList;
			buildConfigurations = (
				8A7D8B5D20ECDABA0063ADA2 /* Debug */,
				8A7D8B5E20ECDABA0063ADA2 /* Release */,
			);
			defaultConfigurationIsVisible = 0;
			defaultConfigurationName = Release;
		};
/* End XCConfigurationList section */
	};
	rootObject = 58B511D31A9E6C8500147676 /* Project object */;
}
